// !$*UTF8*$!
{
	archiveVersion = 1;
	classes = {
	};
	objectVersion = 46;
	objects = {

/* Begin PBXBuildFile section */
		B9497E40204D2BE10097CF46 /* main.m in Sources */ = {isa = PBXBuildFile; fileRef = B9497E3F204D2BE10097CF46 /* main.m */; };
		B9497E43204D2BE20097CF46 /* AppDelegate.m in Sources */ = {isa = PBXBuildFile; fileRef = B9497E42204D2BE20097CF46 /* AppDelegate.m */; };
		B9497E46204D2BE30097CF46 /* ViewController.m in Sources */ = {isa = PBXBuildFile; fileRef = B9497E45204D2BE30097CF46 /* ViewController.m */; };
		B9497E49204D2BE30097CF46 /* Main.storyboard in Resources */ = {isa = PBXBuildFile; fileRef = B9497E47204D2BE30097CF46 /* Main.storyboard */; };
		B9497E4B204D2BE40097CF46 /* Assets.xcassets in Resources */ = {isa = PBXBuildFile; fileRef = B9497E4A204D2BE40097CF46 /* Assets.xcassets */; };
		B9497E4E204D2BE40097CF46 /* LaunchScreen.storyboard in Resources */ = {isa = PBXBuildFile; fileRef = B9497E4C204D2BE40097CF46 /* LaunchScreen.storyboard */; };
		B9497E56204D2DE60097CF46 /* dropdownimage.png in Resources */ = {isa = PBXBuildFile; fileRef = B9497E55204D2DE60097CF46 /* dropdownimage.png */; };
		B9497E59204D2FE60097CF46 /* signupViewController.m in Sources */ = {isa = PBXBuildFile; fileRef = B9497E58204D2FE60097CF46 /* signupViewController.m */; };
		B9497E5C204D308B0097CF46 /* logInViewController.m in Sources */ = {isa = PBXBuildFile; fileRef = B9497E5B204D308B0097CF46 /* logInViewController.m */; };
		B9497E5E204D34820097CF46 /* libsqlite3.tbd in Frameworks */ = {isa = PBXBuildFile; fileRef = B9497E5D204D34820097CF46 /* libsqlite3.tbd */; };
/* End PBXBuildFile section */

/* Begin PBXFileReference section */
		B9497E3B204D2BE00097CF46 /* logInApplication.app */ = {isa = PBXFileReference; explicitFileType = wrapper.application; includeInIndex = 0; path = logInApplication.app; sourceTree = BUILT_PRODUCTS_DIR; };
		B9497E3F204D2BE10097CF46 /* main.m */ = {isa = PBXFileReference; lastKnownFileType = sourcecode.c.objc; path = main.m; sourceTree = "<group>"; };
		B9497E41204D2BE20097CF46 /* AppDelegate.h */ = {isa = PBXFileReference; lastKnownFileType = sourcecode.c.h; path = AppDelegate.h; sourceTree = "<group>"; };
		B9497E42204D2BE20097CF46 /* AppDelegate.m */ = {isa = PBXFileReference; lastKnownFileType = sourcecode.c.objc; path = AppDelegate.m; sourceTree = "<group>"; };
		B9497E44204D2BE30097CF46 /* ViewController.h */ = {isa = PBXFileReference; lastKnownFileType = sourcecode.c.h; path = ViewController.h; sourceTree = "<group>"; };
		B9497E45204D2BE30097CF46 /* ViewController.m */ = {isa = PBXFileReference; lastKnownFileType = sourcecode.c.objc; path = ViewController.m; sourceTree = "<group>"; };
		B9497E48204D2BE30097CF46 /* Base */ = {isa = PBXFileReference; lastKnownFileType = file.storyboard; name = Base; path = Base.lproj/Main.storyboard; sourceTree = "<group>"; };
		B9497E4A204D2BE40097CF46 /* Assets.xcassets */ = {isa = PBXFileReference; lastKnownFileType = folder.assetcatalog; path = Assets.xcassets; sourceTree = "<group>"; };
		B9497E4D204D2BE40097CF46 /* Base */ = {isa = PBXFileReference; lastKnownFileType = file.storyboard; name = Base; path = Base.lproj/LaunchScreen.storyboard; sourceTree = "<group>"; };
		B9497E4F204D2BE40097CF46 /* Info.plist */ = {isa = PBXFileReference; lastKnownFileType = text.plist.xml; path = Info.plist; sourceTree = "<group>"; };
		B9497E55204D2DE60097CF46 /* dropdownimage.png */ = {isa = PBXFileReference; lastKnownFileType = image.png; path = dropdownimage.png; sourceTree = "<group>"; };
		B9497E57204D2FE60097CF46 /* signupViewController.h */ = {isa = PBXFileReference; fileEncoding = 4; lastKnownFileType = sourcecode.c.h; path = signupViewController.h; sourceTree = "<group>"; };
		B9497E58204D2FE60097CF46 /* signupViewController.m */ = {isa = PBXFileReference; fileEncoding = 4; lastKnownFileType = sourcecode.c.objc; path = signupViewController.m; sourceTree = "<group>"; };
		B9497E5A204D308B0097CF46 /* logInViewController.h */ = {isa = PBXFileReference; fileEncoding = 4; lastKnownFileType = sourcecode.c.h; path = logInViewController.h; sourceTree = "<group>"; };
		B9497E5B204D308B0097CF46 /* logInViewController.m */ = {isa = PBXFileReference; fileEncoding = 4; lastKnownFileType = sourcecode.c.objc; path = logInViewController.m; sourceTree = "<group>"; };
		B9497E5D204D34820097CF46 /* libsqlite3.tbd */ = {isa = PBXFileReference; lastKnownFileType = "sourcecode.text-based-dylib-definition"; name = libsqlite3.tbd; path = usr/lib/libsqlite3.tbd; sourceTree = SDKROOT; };
/* End PBXFileReference section */

/* Begin PBXFrameworksBuildPhase section */
		B9497E38204D2BE00097CF46 /* Frameworks */ = {
			isa = PBXFrameworksBuildPhase;
			buildActionMask = 2147483647;
			files = (
				B9497E5E204D34820097CF46 /* libsqlite3.tbd in Frameworks */,
			);
			runOnlyForDeploymentPostprocessing = 0;
		};
/* End PBXFrameworksBuildPhase section */

/* Begin PBXGroup section */
		B9497E32204D2BDF0097CF46 = {
			isa = PBXGroup;
			children = (
				B9497E5D204D34820097CF46 /* libsqlite3.tbd */,
				B9497E3D204D2BE00097CF46 /* logInApplication */,
				B9497E3C204D2BE00097CF46 /* Products */,
			);
			sourceTree = "<group>";
		};
		B9497E3C204D2BE00097CF46 /* Products */ = {
			isa = PBXGroup;
			children = (
				B9497E3B204D2BE00097CF46 /* logInApplication.app */,
			);
			name = Products;
			sourceTree = "<group>";
		};
		B9497E3D204D2BE00097CF46 /* logInApplication */ = {
			isa = PBXGroup;
			children = (
				B9497E41204D2BE20097CF46 /* AppDelegate.h */,
				B9497E42204D2BE20097CF46 /* AppDelegate.m */,
				B9497E44204D2BE30097CF46 /* ViewController.h */,
				B9497E45204D2BE30097CF46 /* ViewController.m */,
				B9497E57204D2FE60097CF46 /* signupViewController.h */,
				B9497E58204D2FE60097CF46 /* signupViewController.m */,
				B9497E5A204D308B0097CF46 /* logInViewController.h */,
				B9497E5B204D308B0097CF46 /* logInViewController.m */,
				B9497E47204D2BE30097CF46 /* Main.storyboard */,
				B9497E55204D2DE60097CF46 /* dropdownimage.png */,
				B9497E4A204D2BE40097CF46 /* Assets.xcassets */,
				B9497E4C204D2BE40097CF46 /* LaunchScreen.storyboard */,
				B9497E4F204D2BE40097CF46 /* Info.plist */,
				B9497E3E204D2BE00097CF46 /* Supporting Files */,
			);
			path = logInApplication;
			sourceTree = "<group>";
		};
		B9497E3E204D2BE00097CF46 /* Supporting Files */ = {
			isa = PBXGroup;
			children = (
				B9497E3F204D2BE10097CF46 /* main.m */,
			);
			name = "Supporting Files";
			sourceTree = "<group>";
		};
/* End PBXGroup section */

/* Begin PBXNativeTarget section */
		B9497E3A204D2BE00097CF46 /* logInApplication */ = {
			isa = PBXNativeTarget;
			buildConfigurationList = B9497E52204D2BE40097CF46 /* Build configuration list for PBXNativeTarget "logInApplication" */;
			buildPhases = (
				B9497E37204D2BE00097CF46 /* Sources */,
				B9497E38204D2BE00097CF46 /* Frameworks */,
				B9497E39204D2BE00097CF46 /* Resources */,
			);
			buildRules = (
			);
			dependencies = (
			);
			name = logInApplication;
			productName = logInApplication;
			productReference = B9497E3B204D2BE00097CF46 /* logInApplication.app */;
			productType = "com.apple.product-type.application";
		};
/* End PBXNativeTarget section */

/* Begin PBXProject section */
		B9497E33204D2BDF0097CF46 /* Project object */ = {
			isa = PBXProject;
			attributes = {
				LastUpgradeCheck = 0730;
				ORGANIZATIONNAME = sonal;
				TargetAttributes = {
					B9497E3A204D2BE00097CF46 = {
						CreatedOnToolsVersion = 7.3;
					};
				};
			};
			buildConfigurationList = B9497E36204D2BDF0097CF46 /* Build configuration list for PBXProject "logInApplication" */;
			compatibilityVersion = "Xcode 3.2";
			developmentRegion = English;
			hasScannedForEncodings = 0;
			knownRegions = (
				en,
				Base,
			);
			mainGroup = B9497E32204D2BDF0097CF46;
			productRefGroup = B9497E3C204D2BE00097CF46 /* Products */;
			projectDirPath = "";
			projectRoot = "";
			targets = (
				B9497E3A204D2BE00097CF46 /* logInApplication */,
			);
		};
/* End PBXProject section */

/* Begin PBXResourcesBuildPhase section */
		B9497E39204D2BE00097CF46 /* Resources */ = {
			isa = PBXResourcesBuildPhase;
			buildActionMask = 2147483647;
			files = (
				B9497E56204D2DE60097CF46 /* dropdownimage.png in Resources */,
				B9497E4E204D2BE40097CF46 /* LaunchScreen.storyboard in Resources */,
				B9497E4B204D2BE40097CF46 /* Assets.xcassets in Resources */,
				B9497E49204D2BE30097CF46 /* Main.storyboard in Resources */,
			);
			runOnlyForDeploymentPostprocessing = 0;
		};
/* End PBXResourcesBuildPhase section */

/* Begin PBXSourcesBuildPhase section */
		B9497E37204D2BE00097CF46 /* Sources */ = {
			isa = PBXSourcesBuildPhase;
			buildActionMask = 2147483647;
			files = (
				B9497E46204D2BE30097CF46 /* ViewController.m in Sources */,
				B9497E43204D2BE20097CF46 /* AppDelegate.m in Sources */,
				B9497E59204D2FE60097CF46 /* signupViewController.m in Sources */,
				B9497E40204D2BE10097CF46 /* main.m in Sources */,
				B9497E5C204D308B0097CF46 /* logInViewController.m in Sources */,
			);
			runOnlyForDeploymentPostprocessing = 0;
		};
/* End PBXSourcesBuildPhase section */

/* Begin PBXVariantGroup section */
		B9497E47204D2BE30097CF46 /* Main.storyboard */ = {
			isa = PBXVariantGroup;
			children = (
				B9497E48204D2BE30097CF46 /* Base */,
			);
			name = Main.storyboard;
			sourceTree = "<group>";
		};
		B9497E4C204D2BE40097CF46 /* LaunchScreen.storyboard */ = {
			isa = PBXVariantGroup;
			children = (
				B9497E4D204D2BE40097CF46 /* Base */,
			);
			name = LaunchScreen.storyboard;
			sourceTree = "<group>";
		};
/* End PBXVariantGroup section */

/* Begin XCBuildConfiguration section */
		B9497E50204D2BE40097CF46 /* Debug */ = {
			isa = XCBuildConfiguration;
			buildSettings = {
				ALWAYS_SEARCH_USER_PATHS = NO;
				CLANG_ANALYZER_NONNULL = YES;
				CLANG_CXX_LANGUAGE_STANDARD = "gnu++0x";
				CLANG_CXX_LIBRARY = "libc++";
				CLANG_ENABLE_MODULES = YES;
				CLANG_ENABLE_OBJC_ARC = YES;
				CLANG_WARN_BOOL_CONVERSION = YES;
				CLANG_WARN_CONSTANT_CONVERSION = YES;
				CLANG_WARN_DIRECT_OBJC_ISA_USAGE = YES_ERROR;
				CLANG_WARN_EMPTY_BODY = YES;
				CLANG_WARN_ENUM_CONVERSION = YES;
				CLANG_WARN_INT_CONVERSION = YES;
				CLANG_WARN_OBJC_ROOT_CLASS = YES_ERROR;
				CLANG_WARN_UNREACHABLE_CODE = YES;
				CLANG_WARN__DUPLICATE_METHOD_MATCH = YES;
				"CODE_SIGN_IDENTITY[sdk=iphoneos*]" = "iPhone Developer";
				COPY_PHASE_STRIP = NO;
				DEBUG_INFORMATION_FORMAT = dwarf;
				ENABLE_STRICT_OBJC_MSGSEND = YES;
				ENABLE_TESTABILITY = YES;
				GCC_C_LANGUAGE_STANDARD = gnu99;
				GCC_DYNAMIC_NO_PIC = NO;
				GCC_NO_COMMON_BLOCKS = YES;
				GCC_OPTIMIZATION_LEVEL = 0;
				GCC_PREPROCESSOR_DEFINITIONS = (
					"DEBUG=1",
					"$(inherited)",
				);
				GCC_WARN_64_TO_32_BIT_CONVERSION = YES;
				GCC_WARN_ABOUT_RETURN_TYPE = YES_ERROR;
				GCC_WARN_UNDECLARED_SELECTOR = YES;
				GCC_WARN_UNINITIALIZED_AUTOS = YES_AGGRESSIVE;
				GCC_WARN_UNUSED_FUNCTION = YES;
				GCC_WARN_UNUSED_VARIABLE = YES;
				IPHONEOS_DEPLOYMENT_TARGET = 9.3;
				MTL_ENABLE_DEBUG_INFO = YES;
				ONLY_ACTIVE_ARCH = YES;
				SDKROOT = iphoneos;
				TARGETED_DEVICE_FAMILY = "1,2";
			};
			name = Debug;
		};
		B9497E51204D2BE40097CF46 /* Release */ = {
			isa = XCBuildConfiguration;
			buildSettings = {
				ALWAYS_SEARCH_USER_PATHS = NO;
				CLANG_ANALYZER_NONNULL = YES;
				CLANG_CXX_LANGUAGE_STANDARD = "gnu++0x";
				CLANG_CXX_LIBRARY = "libc++";
				CLANG_ENABLE_MODULES = YES;
				CLANG_ENABLE_OBJC_ARC = YES;
				CLANG_WARN_BOOL_CONVERSION = YES;
				CLANG_WARN_CONSTANT_CONVERSION = YES;
				CLANG_WARN_DIRECT_OBJC_ISA_USAGE = YES_ERROR;
				CLANG_WARN_EMPTY_BODY = YES;
				CLANG_WARN_ENUM_CONVERSION = YES;
				CLANG_WARN_INT_CONVERSION = YES;
				CLANG_WARN_OBJC_ROOT_CLASS = YES_ERROR;
				CLANG_WARN_UNREACHABLE_CODE = YES;
				CLANG_WARN__DUPLICATE_METHOD_MATCH = YES;
				"CODE_SIGN_IDENTITY[sdk=iphoneos*]" = "iPhone Developer";
				COPY_PHASE_STRIP = NO;
				DEBUG_INFORMATION_FORMAT = "dwarf-with-dsym";
				ENABLE_NS_ASSERTIONS = NO;
				ENABLE_STRICT_OBJC_MSGSEND = YES;
				GCC_C_LANGUAGE_STANDARD = gnu99;
				GCC_NO_COMMON_BLOCKS = YES;
				GCC_WARN_64_TO_32_BIT_CONVERSION = YES;
				GCC_WARN_ABOUT_RETURN_TYPE = YES_ERROR;
				GCC_WARN_UNDECLARED_SELECTOR = YES;
				GCC_WARN_UNINITIALIZED_AUTOS = YES_AGGRESSIVE;
				GCC_WARN_UNUSED_FUNCTION = YES;
				GCC_WARN_UNUSED_VARIABLE = YES;
				IPHONEOS_DEPLOYMENT_TARGET = 9.3;
				MTL_ENABLE_DEBUG_INFO = NO;
				SDKROOT = iphoneos;
				TARGETED_DEVICE_FAMILY = "1,2";
				VALIDATE_PRODUCT = YES;
			};
			name = Release;
		};
		B9497E53204D2BE40097CF46 /* Debug */ = {
			isa = XCBuildConfiguration;
			buildSettings = {
				ASSETCATALOG_COMPILER_APPICON_NAME = AppIcon;
				INFOPLIST_FILE = logInApplication/Info.plist;
				LD_RUNPATH_SEARCH_PATHS = "$(inherited) @executable_path/Frameworks";
				PRODUCT_BUNDLE_IDENTIFIER = sonal.logInApplication;
				PRODUCT_NAME = "$(TARGET_NAME)";
			};
			name = Debug;
		};
		B9497E54204D2BE40097CF46 /* Release */ = {
			isa = XCBuildConfiguration;
			buildSettings = {
				ASSETCATALOG_COMPILER_APPICON_NAME = AppIcon;
				INFOPLIST_FILE = logInApplication/Info.plist;
				LD_RUNPATH_SEARCH_PATHS = "$(inherited) @executable_path/Frameworks";
				PRODUCT_BUNDLE_IDENTIFIER = sonal.logInApplication;
				PRODUCT_NAME = "$(TARGET_NAME)";
			};
			name = Release;
		};
/* End XCBuildConfiguration section */

/* Begin XCConfigurationList section */
		B9497E36204D2BDF0097CF46 /* Build configuration list for PBXProject "logInApplication" */ = {
			isa = XCConfigurationList;
			buildConfigurations = (
				B9497E50204D2BE40097CF46 /* Debug */,
				B9497E51204D2BE40097CF46 /* Release */,
			);
			defaultConfigurationIsVisible = 0;
			defaultConfigurationName = Release;
		};
		B9497E52204D2BE40097CF46 /* Build configuration list for PBXNativeTarget "logInApplication" */ = {
			isa = XCConfigurationList;
			buildConfigurations = (
				B9497E53204D2BE40097CF46 /* Debug */,
				B9497E54204D2BE40097CF46 /* Release */,
			);
			defaultConfigurationIsVisible = 0;
		};
/* End XCConfigurationList section */
	};
	rootObject = B9497E33204D2BDF0097CF46 /* Project object */;
}
